
Microsoft Visual Studio Solution File, Format Version 12.00
# Visual Studio Version 17
VisualStudioVersion = 17.2.32526.322
MinimumVisualStudioVersion = 10.0.40219.1
Project("{8BC9CEB8-8B4A-11D0-8D11-00A0C91BC942}") = "HM Petrov YTSb-21-1-o", "HM Petrov YTSb-21-1-o\HM Petrov YTSb-21-1-o.vcxproj", "{A9480F63-D2F6-457B-B804-24CB28CFB4C9}"
EndProject
Global
	GlobalSection(SolutionConfigurationPlatforms) = preSolution
		Debug|x64 = Debug|x64
		Debug|x86 = Debug|x86
		Release|x64 = Release|x64
		Release|x86 = Release|x86
	EndGlobalSection
	GlobalSection(ProjectConfigurationPlatforms) = postSolution
		{A9480F63-D2F6-457B-B804-24CB28CFB4C9}.Debug|x64.ActiveCfg = Debug|x64
		{A9480F63-D2F6-457B-B804-24CB28CFB4C9}.Debug|x64.Build.0 = Debug|x64
		{A9480F63-D2F6-457B-B804-24CB28CFB4C9}.Debug|x86.ActiveCfg = Debug|Win32
		{A9480F63-D2F6-457B-B804-24CB28CFB4C9}.Debug|x86.Build.0 = Debug|Win32
		{A9480F63-D2F6-457B-B804-24CB28CFB4C9}.Release|x64.ActiveCfg = Release|x64
		{A9480F63-D2F6-457B-B804-24CB28CFB4C9}.Release|x64.Build.0 = Release|x64
		{A9480F63-D2F6-457B-B804-24CB28CFB4C9}.Release|x86.ActiveCfg = Release|Win32
		{A9480F63-D2F6-457B-B804-24CB28CFB4C9}.Release|x86.Build.0 = Release|Win32
	EndGlobalSection
	GlobalSection(SolutionProperties) = preSolution
		HideSolutionNode = FALSE
	EndGlobalSection
	GlobalSection(ExtensibilityGlobals) = postSolution
		SolutionGuid = {36F5423A-29AF-4A85-A74F-918D307C79BF}
	EndGlobalSection
EndGlobal
